// !$*UTF8*$!
{
	archiveVersion = 1;
	classes = {
	};
	objectVersion = 50;
	objects = {

/* Begin PBXBuildFile section */
		D16D2A9D2086128D0031F3DD /* AppDelegate.swift in Sources */ = {isa = PBXBuildFile; fileRef = D16D2A9C2086128D0031F3DD /* AppDelegate.swift */; };
		D16D2A9F2086128D0031F3DD /* ViewController.swift in Sources */ = {isa = PBXBuildFile; fileRef = D16D2A9E2086128D0031F3DD /* ViewController.swift */; };
		D16D2AA22086128D0031F3DD /* Main.storyboard in Resources */ = {isa = PBXBuildFile; fileRef = D16D2AA02086128D0031F3DD /* Main.storyboard */; };
		D16D2AA42086128F0031F3DD /* Assets.xcassets in Resources */ = {isa = PBXBuildFile; fileRef = D16D2AA32086128F0031F3DD /* Assets.xcassets */; };
		D16D2AA72086128F0031F3DD /* LaunchScreen.storyboard in Resources */ = {isa = PBXBuildFile; fileRef = D16D2AA52086128F0031F3DD /* LaunchScreen.storyboard */; };
		D16D2AAF208614FF0031F3DD /* MPCManager.swift in Sources */ = {isa = PBXBuildFile; fileRef = D16D2AAE208614FF0031F3DD /* MPCManager.swift */; };
		D1CB376620A7A904008B602E /* ChatViewController.swift in Sources */ = {isa = PBXBuildFile; fileRef = D1CB376520A7A904008B602E /* ChatViewController.swift */; };
		D1CB376920A82CF3008B602E /* ChatTableViewCell.swift in Sources */ = {isa = PBXBuildFile; fileRef = D1CB376720A82CF3008B602E /* ChatTableViewCell.swift */; };
		D1CB376A20A82CF3008B602E /* ChatTableViewCell.xib in Resources */ = {isa = PBXBuildFile; fileRef = D1CB376820A82CF3008B602E /* ChatTableViewCell.xib */; };
		D1CB376C20A837C8008B602E /* ChatMessageModel.swift in Sources */ = {isa = PBXBuildFile; fileRef = D1CB376B20A837C8008B602E /* ChatMessageModel.swift */; };
/* End PBXBuildFile section */

/* Begin PBXFileReference section */
		D16D2A992086128D0031F3DD /* Peer2PeerChatApp.app */ = {isa = PBXFileReference; explicitFileType = wrapper.application; includeInIndex = 0; path = Peer2PeerChatApp.app; sourceTree = BUILT_PRODUCTS_DIR; };
		D16D2A9C2086128D0031F3DD /* AppDelegate.swift */ = {isa = PBXFileReference; lastKnownFileType = sourcecode.swift; path = AppDelegate.swift; sourceTree = "<group>"; };
		D16D2A9E2086128D0031F3DD /* ViewController.swift */ = {isa = PBXFileReference; lastKnownFileType = sourcecode.swift; path = ViewController.swift; sourceTree = "<group>"; };
		D16D2AA12086128D0031F3DD /* Base */ = {isa = PBXFileReference; lastKnownFileType = file.storyboard; name = Base; path = Base.lproj/Main.storyboard; sourceTree = "<group>"; };
		D16D2AA32086128F0031F3DD /* Assets.xcassets */ = {isa = PBXFileReference; lastKnownFileType = folder.assetcatalog; path = Assets.xcassets; sourceTree = "<group>"; };
		D16D2AA62086128F0031F3DD /* Base */ = {isa = PBXFileReference; lastKnownFileType = file.storyboard; name = Base; path = Base.lproj/LaunchScreen.storyboard; sourceTree = "<group>"; };
		D16D2AA82086128F0031F3DD /* Info.plist */ = {isa = PBXFileReference; lastKnownFileType = text.plist.xml; path = Info.plist; sourceTree = "<group>"; };
		D16D2AAE208614FF0031F3DD /* MPCManager.swift */ = {isa = PBXFileReference; lastKnownFileType = sourcecode.swift; path = MPCManager.swift; sourceTree = "<group>"; };
		D1CB376520A7A904008B602E /* ChatViewController.swift */ = {isa = PBXFileReference; lastKnownFileType = sourcecode.swift; path = ChatViewController.swift; sourceTree = "<group>"; };
		D1CB376720A82CF3008B602E /* ChatTableViewCell.swift */ = {isa = PBXFileReference; lastKnownFileType = sourcecode.swift; path = ChatTableViewCell.swift; sourceTree = "<group>"; };
		D1CB376820A82CF3008B602E /* ChatTableViewCell.xib */ = {isa = PBXFileReference; lastKnownFileType = file.xib; path = ChatTableViewCell.xib; sourceTree = "<group>"; };
		D1CB376B20A837C8008B602E /* ChatMessageModel.swift */ = {isa = PBXFileReference; lastKnownFileType = sourcecode.swift; path = ChatMessageModel.swift; sourceTree = "<group>"; };
		D1D8295A20A7951100AB8FEC /* Chatto.framework */ = {isa = PBXFileReference; explicitFileType = wrapper.framework; path = Chatto.framework; sourceTree = BUILT_PRODUCTS_DIR; };
		D1D8295C20A7951100AB8FEC /* ChattoAdditions.framework */ = {isa = PBXFileReference; explicitFileType = wrapper.framework; path = ChattoAdditions.framework; sourceTree = BUILT_PRODUCTS_DIR; };
		D1D8295E20A7996200AB8FEC /* Chatto.framework */ = {isa = PBXFileReference; explicitFileType = wrapper.framework; path = Chatto.framework; sourceTree = BUILT_PRODUCTS_DIR; };
		D1D8296020A7996200AB8FEC /* ChattoAdditions.framework */ = {isa = PBXFileReference; explicitFileType = wrapper.framework; path = ChattoAdditions.framework; sourceTree = BUILT_PRODUCTS_DIR; };
/* End PBXFileReference section */

/* Begin PBXFrameworksBuildPhase section */
		D16D2A962086128D0031F3DD /* Frameworks */ = {
			isa = PBXFrameworksBuildPhase;
			buildActionMask = 2147483647;
			files = (
			);
			runOnlyForDeploymentPostprocessing = 0;
		};
/* End PBXFrameworksBuildPhase section */

/* Begin PBXGroup section */
		61B449E13613E06CF4FC2E51 /* Frameworks */ = {
			isa = PBXGroup;
			children = (
				D1D8295E20A7996200AB8FEC /* Chatto.framework */,
				D1D8296020A7996200AB8FEC /* ChattoAdditions.framework */,
				D1D8295A20A7951100AB8FEC /* Chatto.framework */,
				D1D8295C20A7951100AB8FEC /* ChattoAdditions.framework */,
			);
			name = Frameworks;
			sourceTree = "<group>";
		};
		D126B0A320B56E2800B6AA8B /* New Group */ = {
			isa = PBXGroup;
			children = (
				D1CB376B20A837C8008B602E /* ChatMessageModel.swift */,
			);
			path = "New Group";
			sourceTree = "<group>";
		};
		D16D2A902086128D0031F3DD = {
			isa = PBXGroup;
			children = (
				D16D2A9B2086128D0031F3DD /* Peer2PeerChatApp */,
				D16D2A9A2086128D0031F3DD /* Products */,
				61B449E13613E06CF4FC2E51 /* Frameworks */,
			);
			sourceTree = "<group>";
		};
		D16D2A9A2086128D0031F3DD /* Products */ = {
			isa = PBXGroup;
			children = (
				D16D2A992086128D0031F3DD /* Peer2PeerChatApp.app */,
			);
			name = Products;
			sourceTree = "<group>";
		};
		D16D2A9B2086128D0031F3DD /* Peer2PeerChatApp */ = {
			isa = PBXGroup;
			children = (
				D126B0A320B56E2800B6AA8B /* New Group */,
				D16D2A9C2086128D0031F3DD /* AppDelegate.swift */,
				D16D2AAE208614FF0031F3DD /* MPCManager.swift */,
				D16D2A9E2086128D0031F3DD /* ViewController.swift */,
				D1CB376520A7A904008B602E /* ChatViewController.swift */,
				D1CB376720A82CF3008B602E /* ChatTableViewCell.swift */,
				D1CB376820A82CF3008B602E /* ChatTableViewCell.xib */,
				D16D2AA02086128D0031F3DD /* Main.storyboard */,
				D16D2AA32086128F0031F3DD /* Assets.xcassets */,
				D16D2AA52086128F0031F3DD /* LaunchScreen.storyboard */,
				D16D2AA82086128F0031F3DD /* Info.plist */,
			);
			path = Peer2PeerChatApp;
			sourceTree = "<group>";
		};
/* End PBXGroup section */

/* Begin PBXNativeTarget section */
		D16D2A982086128D0031F3DD /* Peer2PeerChatApp */ = {
			isa = PBXNativeTarget;
			buildConfigurationList = D16D2AAB2086128F0031F3DD /* Build configuration list for PBXNativeTarget "Peer2PeerChatApp" */;
			buildPhases = (
				D16D2A952086128D0031F3DD /* Sources */,
				D16D2A962086128D0031F3DD /* Frameworks */,
				D16D2A972086128D0031F3DD /* Resources */,
			);
			buildRules = (
			);
			dependencies = (
			);
			name = Peer2PeerChatApp;
			productName = Peer2PeerChatApp;
			productReference = D16D2A992086128D0031F3DD /* Peer2PeerChatApp.app */;
			productType = "com.apple.product-type.application";
		};
/* End PBXNativeTarget section */

/* Begin PBXProject section */
		D16D2A912086128D0031F3DD /* Project object */ = {
			isa = PBXProject;
			attributes = {
				LastSwiftUpdateCheck = 0930;
				LastUpgradeCheck = 0930;
				ORGANIZATIONNAME = "Fabian Frey";
				TargetAttributes = {
					D16D2A982086128D0031F3DD = {
						CreatedOnToolsVersion = 9.3;
					};
				};
			};
			buildConfigurationList = D16D2A942086128D0031F3DD /* Build configuration list for PBXProject "Peer2PeerChatApp" */;
			compatibilityVersion = "Xcode 9.3";
			developmentRegion = en;
			hasScannedForEncodings = 0;
			knownRegions = (
				en,
				Base,
			);
			mainGroup = D16D2A902086128D0031F3DD;
			productRefGroup = D16D2A9A2086128D0031F3DD /* Products */;
			projectDirPath = "";
			projectRoot = "";
			targets = (
				D16D2A982086128D0031F3DD /* Peer2PeerChatApp */,
			);
		};
/* End PBXProject section */

/* Begin PBXResourcesBuildPhase section */
		D16D2A972086128D0031F3DD /* Resources */ = {
			isa = PBXResourcesBuildPhase;
			buildActionMask = 2147483647;
			files = (
				D16D2AA72086128F0031F3DD /* LaunchScreen.storyboard in Resources */,
				D1CB376A20A82CF3008B602E /* ChatTableViewCell.xib in Resources */,
				D16D2AA42086128F0031F3DD /* Assets.xcassets in Resources */,
				D16D2AA22086128D0031F3DD /* Main.storyboard in Resources */,
			);
			runOnlyForDeploymentPostprocessing = 0;
		};
/* End PBXResourcesBuildPhase section */

/* Begin PBXSourcesBuildPhase section */
		D16D2A952086128D0031F3DD /* Sources */ = {
			isa = PBXSourcesBuildPhase;
			buildActionMask = 2147483647;
			files = (
				D16D2A9F2086128D0031F3DD /* ViewController.swift in Sources */,
				D1CB376620A7A904008B602E /* ChatViewController.swift in Sources */,
				D1CB376920A82CF3008B602E /* ChatTableViewCell.swift in Sources */,
				D16D2A9D2086128D0031F3DD /* AppDelegate.swift in Sources */,
				D16D2AAF208614FF0031F3DD /* MPCManager.swift in Sources */,
				D1CB376C20A837C8008B602E /* ChatMessageModel.swift in Sources */,
			);
			runOnlyForDeploymentPostprocessing = 0;
		};
/* End PBXSourcesBuildPhase section */

/* Begin PBXVariantGroup section */
		D16D2AA02086128D0031F3DD /* Main.storyboard */ = {
			isa = PBXVariantGroup;
			children = (
				D16D2AA12086128D0031F3DD /* Base */,
			);
			name = Main.storyboard;
			sourceTree = "<group>";
		};
		D16D2AA52086128F0031F3DD /* LaunchScreen.storyboard */ = {
			isa = PBXVariantGroup;
			children = (
				D16D2AA62086128F0031F3DD /* Base */,
			);
			name = LaunchScreen.storyboard;
			sourceTree = "<group>";
		};
/* End PBXVariantGroup section */

/* Begin XCBuildConfiguration section */
		D16D2AA92086128F0031F3DD /* Debug */ = {
			isa = XCBuildConfiguration;
			buildSettings = {
				ALWAYS_SEARCH_USER_PATHS = NO;
				CLANG_ANALYZER_NONNULL = YES;
				CLANG_ANALYZER_NUMBER_OBJECT_CONVERSION = YES_AGGRESSIVE;
				CLANG_CXX_LANGUAGE_STANDARD = "gnu++14";
				CLANG_CXX_LIBRARY = "libc++";
				CLANG_ENABLE_MODULES = YES;
				CLANG_ENABLE_OBJC_ARC = YES;
				CLANG_ENABLE_OBJC_WEAK = YES;
				CLANG_WARN_BLOCK_CAPTURE_AUTORELEASING = YES;
				CLANG_WARN_BOOL_CONVERSION = YES;
				CLANG_WARN_COMMA = YES;
				CLANG_WARN_CONSTANT_CONVERSION = YES;
				CLANG_WARN_DEPRECATED_OBJC_IMPLEMENTATIONS = YES;
				CLANG_WARN_DIRECT_OBJC_ISA_USAGE = YES_ERROR;
				CLANG_WARN_DOCUMENTATION_COMMENTS = YES;
				CLANG_WARN_EMPTY_BODY = YES;
				CLANG_WARN_ENUM_CONVERSION = YES;
				CLANG_WARN_INFINITE_RECURSION = YES;
				CLANG_WARN_INT_CONVERSION = YES;
				CLANG_WARN_NON_LITERAL_NULL_CONVERSION = YES;
				CLANG_WARN_OBJC_IMPLICIT_RETAIN_SELF = YES;
				CLANG_WARN_OBJC_LITERAL_CONVERSION = YES;
				CLANG_WARN_OBJC_ROOT_CLASS = YES_ERROR;
				CLANG_WARN_RANGE_LOOP_ANALYSIS = YES;
				CLANG_WARN_STRICT_PROTOTYPES = YES;
				CLANG_WARN_SUSPICIOUS_MOVE = YES;
				CLANG_WARN_UNGUARDED_AVAILABILITY = YES_AGGRESSIVE;
				CLANG_WARN_UNREACHABLE_CODE = YES;
				CLANG_WARN__DUPLICATE_METHOD_MATCH = YES;
				CODE_SIGN_IDENTITY = "iPhone Developer";
				COPY_PHASE_STRIP = NO;
				DEBUG_INFORMATION_FORMAT = dwarf;
				ENABLE_STRICT_OBJC_MSGSEND = YES;
				ENABLE_TESTABILITY = YES;
				GCC_C_LANGUAGE_STANDARD = gnu11;
				GCC_DYNAMIC_NO_PIC = NO;
				GCC_NO_COMMON_BLOCKS = YES;
				GCC_OPTIMIZATION_LEVEL = 0;
				GCC_PREPROCESSOR_DEFINITIONS = (
					"DEBUG=1",
					"$(inherited)",
				);
				GCC_WARN_64_TO_32_BIT_CONVERSION = YES;
				GCC_WARN_ABOUT_RETURN_TYPE = YES_ERROR;
				GCC_WARN_UNDECLARED_SELECTOR = YES;
				GCC_WARN_UNINITIALIZED_AUTOS = YES_AGGRESSIVE;
				GCC_WARN_UNUSED_FUNCTION = YES;
				GCC_WARN_UNUSED_VARIABLE = YES;
				IPHONEOS_DEPLOYMENT_TARGET = 11.3;
				MTL_ENABLE_DEBUG_INFO = YES;
				ONLY_ACTIVE_ARCH = YES;
				SDKROOT = iphoneos;
				SWIFT_ACTIVE_COMPILATION_CONDITIONS = DEBUG;
				SWIFT_OPTIMIZATION_LEVEL = "-Onone";
			};
			name = Debug;
		};
		D16D2AAA2086128F0031F3DD /* Release */ = {
			isa = XCBuildConfiguration;
			buildSettings = {
				ALWAYS_SEARCH_USER_PATHS = NO;
				CLANG_ANALYZER_NONNULL = YES;
				CLANG_ANALYZER_NUMBER_OBJECT_CONVERSION = YES_AGGRESSIVE;
				CLANG_CXX_LANGUAGE_STANDARD = "gnu++14";
				CLANG_CXX_LIBRARY = "libc++";
				CLANG_ENABLE_MODULES = YES;
				CLANG_ENABLE_OBJC_ARC = YES;
				CLANG_ENABLE_OBJC_WEAK = YES;
				CLANG_WARN_BLOCK_CAPTURE_AUTORELEASING = YES;
				CLANG_WARN_BOOL_CONVERSION = YES;
				CLANG_WARN_COMMA = YES;
				CLANG_WARN_CONSTANT_CONVERSION = YES;
				CLANG_WARN_DEPRECATED_OBJC_IMPLEMENTATIONS = YES;
				CLANG_WARN_DIRECT_OBJC_ISA_USAGE = YES_ERROR;
				CLANG_WARN_DOCUMENTATION_COMMENTS = YES;
				CLANG_WARN_EMPTY_BODY = YES;
				CLANG_WARN_ENUM_CONVERSION = YES;
				CLANG_WARN_INFINITE_RECURSION = YES;
				CLANG_WARN_INT_CONVERSION = YES;
				CLANG_WARN_NON_LITERAL_NULL_CONVERSION = YES;
				CLANG_WARN_OBJC_IMPLICIT_RETAIN_SELF = YES;
				CLANG_WARN_OBJC_LITERAL_CONVERSION = YES;
				CLANG_WARN_OBJC_ROOT_CLASS = YES_ERROR;
				CLANG_WARN_RANGE_LOOP_ANALYSIS = YES;
				CLANG_WARN_STRICT_PROTOTYPES = YES;
				CLANG_WARN_SUSPICIOUS_MOVE = YES;
				CLANG_WARN_UNGUARDED_AVAILABILITY = YES_AGGRESSIVE;
				CLANG_WARN_UNREACHABLE_CODE = YES;
				CLANG_WARN__DUPLICATE_METHOD_MATCH = YES;
				CODE_SIGN_IDENTITY = "iPhone Developer";
				COPY_PHASE_STRIP = NO;
				DEBUG_INFORMATION_FORMAT = "dwarf-with-dsym";
				ENABLE_NS_ASSERTIONS = NO;
				ENABLE_STRICT_OBJC_MSGSEND = YES;
				GCC_C_LANGUAGE_STANDARD = gnu11;
				GCC_NO_COMMON_BLOCKS = YES;
				GCC_WARN_64_TO_32_BIT_CONVERSION = YES;
				GCC_WARN_ABOUT_RETURN_TYPE = YES_ERROR;
				GCC_WARN_UNDECLARED_SELECTOR = YES;
				GCC_WARN_UNINITIALIZED_AUTOS = YES_AGGRESSIVE;
				GCC_WARN_UNUSED_FUNCTION = YES;
				GCC_WARN_UNUSED_VARIABLE = YES;
				IPHONEOS_DEPLOYMENT_TARGET = 11.3;
				MTL_ENABLE_DEBUG_INFO = NO;
				SDKROOT = iphoneos;
				SWIFT_COMPILATION_MODE = wholemodule;
				SWIFT_OPTIMIZATION_LEVEL = "-O";
				VALIDATE_PRODUCT = YES;
			};
			name = Release;
		};
		D16D2AAC2086128F0031F3DD /* Debug */ = {
			isa = XCBuildConfiguration;
			buildSettings = {
				ASSETCATALOG_COMPILER_APPICON_NAME = AppIcon;
				CODE_SIGN_STYLE = Manual;
				DEVELOPMENT_TEAM = "";
				INFOPLIST_FILE = Peer2PeerChatApp/Info.plist;
				LD_RUNPATH_SEARCH_PATHS = (
					"$(inherited)",
					"@executable_path/Frameworks",
				);
				PRODUCT_BUNDLE_IDENTIFIER = com.fabianfrey.Peer2PeerChatApp;
				PRODUCT_NAME = "$(TARGET_NAME)";
				PROVISIONING_PROFILE_SPECIFIER = "";
				SWIFT_VERSION = 4.0;
				TARGETED_DEVICE_FAMILY = "1,2";
			};
			name = Debug;
		};
		D16D2AAD2086128F0031F3DD /* Release */ = {
			isa = XCBuildConfiguration;
			buildSettings = {
				ASSETCATALOG_COMPILER_APPICON_NAME = AppIcon;
				CODE_SIGN_STYLE = Manual;
				DEVELOPMENT_TEAM = "";
				INFOPLIST_FILE = Peer2PeerChatApp/Info.plist;
				LD_RUNPATH_SEARCH_PATHS = (
					"$(inherited)",
					"@executable_path/Frameworks",
				);
				PRODUCT_BUNDLE_IDENTIFIER = com.fabianfrey.Peer2PeerChatApp;
				PRODUCT_NAME = "$(TARGET_NAME)";
				PROVISIONING_PROFILE_SPECIFIER = "";
				SWIFT_VERSION = 4.0;
				TARGETED_DEVICE_FAMILY = "1,2";
			};
			name = Release;
		};
/* End XCBuildConfiguration section */

/* Begin XCConfigurationList section */
		D16D2A942086128D0031F3DD /* Build configuration list for PBXProject "Peer2PeerChatApp" */ = {
			isa = XCConfigurationList;
			buildConfigurations = (
				D16D2AA92086128F0031F3DD /* Debug */,
				D16D2AAA2086128F0031F3DD /* Release */,
			);
			defaultConfigurationIsVisible = 0;
			defaultConfigurationName = Release;
		};
		D16D2AAB2086128F0031F3DD /* Build configuration list for PBXNativeTarget "Peer2PeerChatApp" */ = {
			isa = XCConfigurationList;
			buildConfigurations = (
				D16D2AAC2086128F0031F3DD /* Debug */,
				D16D2AAD2086128F0031F3DD /* Release */,
			);
			defaultConfigurationIsVisible = 0;
			defaultConfigurationName = Release;
		};
/* End XCConfigurationList section */
	};
	rootObject = D16D2A912086128D0031F3DD /* Project object */;
}
